// !$*UTF8*$!
{
	archiveVersion = 1;
	classes = {
	};
	objectVersion = 46;
	objects = {

/* Begin PBXBuildFile section */
		224D3DEAB0A47AEA3B3AD3C3 /* libPods.a in Frameworks */ = {isa = PBXBuildFile; fileRef = 9DE867138158BA20BE0672B1 /* libPods.a */; };
		564788D01B624C1100CAC87D /* RLMObject+Mantle.m in Sources */ = {isa = PBXBuildFile; fileRef = 564788CF1B624C1100CAC87D /* RLMObject+Mantle.m */; };
		564788D31B62726800CAC87D /* TAUserProfile.m in Sources */ = {isa = PBXBuildFile; fileRef = 564788D21B62726800CAC87D /* TAUserProfile.m */; };
		5684E3641B5E272A0004DD14 /* NSDateFormatter+TADateFormatters.m in Sources */ = {isa = PBXBuildFile; fileRef = 5684E2F91B5E27290004DD14 /* NSDateFormatter+TADateFormatters.m */; };
		5684E3651B5E272A0004DD14 /* UIViewController+ChildViews.m in Sources */ = {isa = PBXBuildFile; fileRef = 5684E2FB1B5E27290004DD14 /* UIViewController+ChildViews.m */; };
		5684E3661B5E272A0004DD14 /* TARouter.m in Sources */ = {isa = PBXBuildFile; fileRef = 5684E2FF1B5E27290004DD14 /* TARouter.m */; };
		5684E3691B5E272A0004DD14 /* TAListChangedResponseModel.m in Sources */ = {isa = PBXBuildFile; fileRef = 5684E3071B5E27290004DD14 /* TAListChangedResponseModel.m */; };
		5684E36C1B5E272A0004DD14 /* TANewSessionResponseModel.m in Sources */ = {isa = PBXBuildFile; fileRef = 5684E30E1B5E272A0004DD14 /* TANewSessionResponseModel.m */; };
		5684E36D1B5E272A0004DD14 /* TANewTokenResponseModel.m in Sources */ = {isa = PBXBuildFile; fileRef = 5684E3101B5E272A0004DD14 /* TANewTokenResponseModel.m */; };
		5684E36E1B5E272A0004DD14 /* TAValidateResponseModel.m in Sources */ = {isa = PBXBuildFile; fileRef = 5684E3121B5E272A0004DD14 /* TAValidateResponseModel.m */; };
		5684E36F1B5E272A0004DD14 /* TADiscoverItemObject.m in Sources */ = {isa = PBXBuildFile; fileRef = 5684E3151B5E272A0004DD14 /* TADiscoverItemObject.m */; };
		5684E3701B5E272A0004DD14 /* TADiscoveryObject.m in Sources */ = {isa = PBXBuildFile; fileRef = 5684E3171B5E272A0004DD14 /* TADiscoveryObject.m */; };
		5684E3721B5E272A0004DD14 /* TAFloatObject.m in Sources */ = {isa = PBXBuildFile; fileRef = 5684E31B1B5E272A0004DD14 /* TAFloatObject.m */; };
		5684E3731B5E272A0004DD14 /* TAIntegerObject.m in Sources */ = {isa = PBXBuildFile; fileRef = 5684E31D1B5E272A0004DD14 /* TAIntegerObject.m */; };
		5684E3741B5E272A0004DD14 /* TAListItemObject.m in Sources */ = {isa = PBXBuildFile; fileRef = 5684E31F1B5E272A0004DD14 /* TAListItemObject.m */; };
		5684E3751B5E272A0004DD14 /* TAListResponseObject.m in Sources */ = {isa = PBXBuildFile; fileRef = 5684E3211B5E272A0004DD14 /* TAListResponseObject.m */; };
		5684E3771B5E272A0004DD14 /* TAServiceProvider.m in Sources */ = {isa = PBXBuildFile; fileRef = 5684E3271B5E272A0004DD14 /* TAServiceProvider.m */; };
		5684E3781B5E272A0004DD14 /* TAServiceRoutes.m in Sources */ = {isa = PBXBuildFile; fileRef = 5684E3291B5E272A0004DD14 /* TAServiceRoutes.m */; };
		5684E3791B5E272A0004DD14 /* TAApplicationAssembly.m in Sources */ = {isa = PBXBuildFile; fileRef = 5684E32D1B5E272A0004DD14 /* TAApplicationAssembly.m */; };
		5684E37A1B5E272A0004DD14 /* TAViewModelsAssembly.m in Sources */ = {isa = PBXBuildFile; fileRef = 5684E32F1B5E272A0004DD14 /* TAViewModelsAssembly.m */; };
		5684E37B1B5E272A0004DD14 /* TAViewsAssembly.m in Sources */ = {isa = PBXBuildFile; fileRef = 5684E3311B5E272A0004DD14 /* TAViewsAssembly.m */; };
		5684E37C1B5E272A0004DD14 /* TAAppDelegate.m in Sources */ = {isa = PBXBuildFile; fileRef = 5684E3331B5E272A0004DD14 /* TAAppDelegate.m */; };
		5684E37D1B5E272A0004DD14 /* TAViewController.m in Sources */ = {isa = PBXBuildFile; fileRef = 5684E3361B5E272A0004DD14 /* TAViewController.m */; };
		5684E37E1B5E272A0004DD14 /* TAViewModel.m in Sources */ = {isa = PBXBuildFile; fileRef = 5684E3381B5E272A0004DD14 /* TAViewModel.m */; };
		5684E37F1B5E272A0004DD14 /* TADiscoveryViewController.m in Sources */ = {isa = PBXBuildFile; fileRef = 5684E33C1B5E272A0004DD14 /* TADiscoveryViewController.m */; };
		5684E3811B5E272A0004DD14 /* TADiscoveryViewModel.m in Sources */ = {isa = PBXBuildFile; fileRef = 5684E33F1B5E272A0004DD14 /* TADiscoveryViewModel.m */; };
		5684E3821B5E272A0004DD14 /* TAFavoritesViewController.m in Sources */ = {isa = PBXBuildFile; fileRef = 5684E3421B5E272A0004DD14 /* TAFavoritesViewController.m */; };
		5684E3841B5E272A0004DD14 /* TAFavoritesViewModel.m in Sources */ = {isa = PBXBuildFile; fileRef = 5684E3451B5E272A0004DD14 /* TAFavoritesViewModel.m */; };
		5684E3851B5E272A0004DD14 /* TALoginViewController.m in Sources */ = {isa = PBXBuildFile; fileRef = 5684E3481B5E272A0004DD14 /* TALoginViewController.m */; };
		5684E3861B5E272A0004DD14 /* TALoginViewController.xib in Resources */ = {isa = PBXBuildFile; fileRef = 5684E3491B5E272A0004DD14 /* TALoginViewController.xib */; };
		5684E3871B5E272A0004DD14 /* TALoginViewModel.m in Sources */ = {isa = PBXBuildFile; fileRef = 5684E34B1B5E272A0004DD14 /* TALoginViewModel.m */; };
		5684E3881B5E272A0004DD14 /* TACentralViewController.m in Sources */ = {isa = PBXBuildFile; fileRef = 5684E34F1B5E272A0004DD14 /* TACentralViewController.m */; };
		5684E3891B5E272A0004DD14 /* TACentralViewController.xib in Resources */ = {isa = PBXBuildFile; fileRef = 5684E3501B5E272A0004DD14 /* TACentralViewController.xib */; };
		5684E38A1B5E272A0004DD14 /* TAMenuViewController.m in Sources */ = {isa = PBXBuildFile; fileRef = 5684E3531B5E272A0004DD14 /* TAMenuViewController.m */; };
		5684E38B1B5E272A0004DD14 /* TAMenuViewController.xib in Resources */ = {isa = PBXBuildFile; fileRef = 5684E3541B5E272A0004DD14 /* TAMenuViewController.xib */; };
		5684E38C1B5E272A0004DD14 /* TAMenuViewModel.m in Sources */ = {isa = PBXBuildFile; fileRef = 5684E3561B5E272A0004DD14 /* TAMenuViewModel.m */; };
		5684E38D1B5E272A0004DD14 /* TAMainViewController.m in Sources */ = {isa = PBXBuildFile; fileRef = 5684E3581B5E272A0004DD14 /* TAMainViewController.m */; };
		5684E38E1B5E272A0004DD14 /* TARootViewController.m in Sources */ = {isa = PBXBuildFile; fileRef = 5684E35B1B5E272A0004DD14 /* TARootViewController.m */; };
		5684E38F1B5E272A0004DD14 /* TARootViewModel.m in Sources */ = {isa = PBXBuildFile; fileRef = 5684E35D1B5E272A0004DD14 /* TARootViewModel.m */; };
		5684E3901B5E272A0004DD14 /* TAWatchedViewController.m in Sources */ = {isa = PBXBuildFile; fileRef = 5684E3601B5E272A0004DD14 /* TAWatchedViewController.m */; };
		5684E3921B5E272A0004DD14 /* TAWatchedViewModel.m in Sources */ = {isa = PBXBuildFile; fileRef = 5684E3631B5E272A0004DD14 /* TAWatchedViewModel.m */; };
		5684E3941B5E274B0004DD14 /* main.m in Sources */ = {isa = PBXBuildFile; fileRef = 5684E3931B5E274B0004DD14 /* main.m */; };
		5684E3981B5E42470004DD14 /* TATableViewController.m in Sources */ = {isa = PBXBuildFile; fileRef = 5684E3961B5E42470004DD14 /* TATableViewController.m */; };
		5684E3991B5E42470004DD14 /* TATableViewController.xib in Resources */ = {isa = PBXBuildFile; fileRef = 5684E3971B5E42470004DD14 /* TATableViewController.xib */; };
		568A10661B62874C00AE97F5 /* TACollectionPaginator.m in Sources */ = {isa = PBXBuildFile; fileRef = 568A10651B62874C00AE97F5 /* TACollectionPaginator.m */; };
		568A106B1B62A40000AE97F5 /* TAMovieCell.m in Sources */ = {isa = PBXBuildFile; fileRef = 568A106A1B62A40000AE97F5 /* TAMovieCell.m */; };
		568A106E1B62A41600AE97F5 /* TADiscoveryMovieViewModel.m in Sources */ = {isa = PBXBuildFile; fileRef = 568A106D1B62A41600AE97F5 /* TADiscoveryMovieViewModel.m */; };
		568A10731B62AAD100AE97F5 /* TAMovieListItemCell.m in Sources */ = {isa = PBXBuildFile; fileRef = 568A10721B62AAD100AE97F5 /* TAMovieListItemCell.m */; };
		568A10761B62AAEB00AE97F5 /* TAMovieListItemViewModel.m in Sources */ = {isa = PBXBuildFile; fileRef = 568A10751B62AAEB00AE97F5 /* TAMovieListItemViewModel.m */; };
		568A107A1B62B28A00AE97F5 /* TAMovieListItemActionObject.m in Sources */ = {isa = PBXBuildFile; fileRef = 568A10791B62B28A00AE97F5 /* TAMovieListItemActionObject.m */; };
		568A107F1B62CDCF00AE97F5 /* TAOfflineActionsManager.m in Sources */ = {isa = PBXBuildFile; fileRef = 568A107E1B62CDCF00AE97F5 /* TAOfflineActionsManager.m */; };
		568A10821B62CE3A00AE97F5 /* TAAddFavoriteAction.m in Sources */ = {isa = PBXBuildFile; fileRef = 568A10811B62CE3A00AE97F5 /* TAAddFavoriteAction.m */; };
		568A10851B62CE4900AE97F5 /* TARemoveFavoriteAction.m in Sources */ = {isa = PBXBuildFile; fileRef = 568A10841B62CE4900AE97F5 /* TARemoveFavoriteAction.m */; };
		568A10881B62CE5800AE97F5 /* TAAddWatchedAction.m in Sources */ = {isa = PBXBuildFile; fileRef = 568A10871B62CE5800AE97F5 /* TAAddWatchedAction.m */; };
		568A108B1B62CE6400AE97F5 /* TARemoveWatchedAction.m in Sources */ = {isa = PBXBuildFile; fileRef = 568A108A1B62CE6400AE97F5 /* TARemoveWatchedAction.m */; };
		568A108E1B62D1FB00AE97F5 /* TAListItemAction.m in Sources */ = {isa = PBXBuildFile; fileRef = 568A108D1B62D1FB00AE97F5 /* TAListItemAction.m */; };
		56D7F2D61B5C0F52005707AD /* Images.xcassets in Resources */ = {isa = PBXBuildFile; fileRef = 56D7F2D51B5C0F52005707AD /* Images.xcassets */; };
		56D7F2D91B5C0F52005707AD /* LaunchScreen.xib in Resources */ = {isa = PBXBuildFile; fileRef = 56D7F2D71B5C0F52005707AD /* LaunchScreen.xib */; };
		56D7F2E51B5C0F52005707AD /* MovieViewerTests.m in Sources */ = {isa = PBXBuildFile; fileRef = 56D7F2E41B5C0F52005707AD /* MovieViewerTests.m */; };
		56E3645B1B60CB7900908459 /* TALoginFacade.m in Sources */ = {isa = PBXBuildFile; fileRef = 56E3645A1B60CB7900908459 /* TALoginFacade.m */; };
		56E3645E1B60CB8800908459 /* TAFacadeAbstract.m in Sources */ = {isa = PBXBuildFile; fileRef = 56E3645D1B60CB8800908459 /* TAFacadeAbstract.m */; };
		56E364611B60CBFF00908459 /* TAFacadesAssembly.m in Sources */ = {isa = PBXBuildFile; fileRef = 56E364601B60CBFF00908459 /* TAFacadesAssembly.m */; };
		56E364641B60CCEF00908459 /* TAServicesAssembly.m in Sources */ = {isa = PBXBuildFile; fileRef = 56E364631B60CCEF00908459 /* TAServicesAssembly.m */; };
		56E364671B60D39200908459 /* TAErrors.m in Sources */ = {isa = PBXBuildFile; fileRef = 56E364661B60D39200908459 /* TAErrors.m */; };
		56E3646A1B60D39E00908459 /* TAConstants.m in Sources */ = {isa = PBXBuildFile; fileRef = 56E364691B60D39E00908459 /* TAConstants.m */; };
		56E3646D1B611E9400908459 /* TADiscoveryFacade.m in Sources */ = {isa = PBXBuildFile; fileRef = 56E3646C1B611E9400908459 /* TADiscoveryFacade.m */; };
		56E364701B61229200908459 /* NSError+EmbeddedError.m in Sources */ = {isa = PBXBuildFile; fileRef = 56E3646F1B61229200908459 /* NSError+EmbeddedError.m */; };
		56E364731B61264900908459 /* TAFavoritesMoviesFacade.m in Sources */ = {isa = PBXBuildFile; fileRef = 56E364721B61264900908459 /* TAFavoritesMoviesFacade.m */; };
		56E364761B61293C00908459 /* TAWatchedMoviesFacade.m in Sources */ = {isa = PBXBuildFile; fileRef = 56E364751B61293C00908459 /* TAWatchedMoviesFacade.m */; };
		F87B401B19568AAC5584FCE2 /* TAAddWatchlistRequestModel.m in Sources */ = {isa = PBXBuildFile; fileRef = F87B4FB2A5B883FE7E75B6C2 /* TAAddWatchlistRequestModel.m */; };
		F87B40BC0B68E6AA8FA383BC /* TAUserAuthInfo.m in Sources */ = {isa = PBXBuildFile; fileRef = F87B4E42E36B9F37C5574468 /* TAUserAuthInfo.m */; };
		F87B41263BCD66B2D9029C6B /* TAWatchlistRequestParametersModel.m in Sources */ = {isa = PBXBuildFile; fileRef = F87B48916DB7F5E8EB6A9B89 /* TAWatchlistRequestParametersModel.m */; };
		F87B413A8D7C83E8C9B723FA /* TADispatchManagement.m in Sources */ = {isa = PBXBuildFile; fileRef = F87B41F2F3F339CC24649B34 /* TADispatchManagement.m */; };
		F87B4349E758E49A3B00EC90 /* TAFavoriteListRequestParametersModel.m in Sources */ = {isa = PBXBuildFile; fileRef = F87B4C66FBBACE18B30335C2 /* TAFavoriteListRequestParametersModel.m */; };
		F87B45DE1291A6CD296FA321 /* TAAddFavoriteRequestModel.m in Sources */ = {isa = PBXBuildFile; fileRef = F87B4CE66ACAA6AC9C9F6B2C /* TAAddFavoriteRequestModel.m */; };
		F87B464CF2280C5A831D1B3E /* TADiscoverRequestParametersModel.m in Sources */ = {isa = PBXBuildFile; fileRef = F87B4301075A0CC9D440722F /* TADiscoverRequestParametersModel.m */; };
		F87B49922B29657BCCFB7936 /* TAUserTMDBSessionObject.m in Sources */ = {isa = PBXBuildFile; fileRef = F87B4DD8D34961AD5E7DA5D6 /* TAUserTMDBSessionObject.m */; };
/* End PBXBuildFile section */

/* Begin PBXContainerItemProxy section */
		56D7F2DF1B5C0F52005707AD /* PBXContainerItemProxy */ = {
			isa = PBXContainerItemProxy;
			containerPortal = 56D7F2BD1B5C0F52005707AD /* Project object */;
			proxyType = 1;
			remoteGlobalIDString = 56D7F2C41B5C0F52005707AD;
			remoteInfo = MovieViewer;
		};
/* End PBXContainerItemProxy section */

/* Begin PBXFileReference section */
		442A0F1FB7677EFE7F7505F2 /* Pods.release.xcconfig */ = {isa = PBXFileReference; includeInIndex = 1; lastKnownFileType = text.xcconfig; name = Pods.release.xcconfig; path = "Pods/Target Support Files/Pods/Pods.release.xcconfig"; sourceTree = "<group>"; };
		564788CE1B624C1100CAC87D /* RLMObject+Mantle.h */ = {isa = PBXFileReference; fileEncoding = 4; lastKnownFileType = sourcecode.c.h; path = "RLMObject+Mantle.h"; sourceTree = "<group>"; };
		564788CF1B624C1100CAC87D /* RLMObject+Mantle.m */ = {isa = PBXFileReference; fileEncoding = 4; lastKnownFileType = sourcecode.c.objc; path = "RLMObject+Mantle.m"; sourceTree = "<group>"; };
		564788D11B62726800CAC87D /* TAUserProfile.h */ = {isa = PBXFileReference; fileEncoding = 4; lastKnownFileType = sourcecode.c.h; path = TAUserProfile.h; sourceTree = "<group>"; };
		564788D21B62726800CAC87D /* TAUserProfile.m */ = {isa = PBXFileReference; fileEncoding = 4; lastKnownFileType = sourcecode.c.objc; path = TAUserProfile.m; sourceTree = "<group>"; };
		5684E2E71B5DBA030004DD14 /* PrefixHeader.pch */ = {isa = PBXFileReference; fileEncoding = 4; lastKnownFileType = sourcecode.c.h; path = PrefixHeader.pch; sourceTree = "<group>"; };
		5684E2F81B5E27290004DD14 /* NSDateFormatter+TADateFormatters.h */ = {isa = PBXFileReference; fileEncoding = 4; lastKnownFileType = sourcecode.c.h; path = "NSDateFormatter+TADateFormatters.h"; sourceTree = "<group>"; };
		5684E2F91B5E27290004DD14 /* NSDateFormatter+TADateFormatters.m */ = {isa = PBXFileReference; fileEncoding = 4; lastKnownFileType = sourcecode.c.objc; path = "NSDateFormatter+TADateFormatters.m"; sourceTree = "<group>"; };
		5684E2FA1B5E27290004DD14 /* UIViewController+ChildViews.h */ = {isa = PBXFileReference; fileEncoding = 4; lastKnownFileType = sourcecode.c.h; path = "UIViewController+ChildViews.h"; sourceTree = "<group>"; };
		5684E2FB1B5E27290004DD14 /* UIViewController+ChildViews.m */ = {isa = PBXFileReference; fileEncoding = 4; lastKnownFileType = sourcecode.c.objc; path = "UIViewController+ChildViews.m"; sourceTree = "<group>"; };
		5684E2FE1B5E27290004DD14 /* TARouter.h */ = {isa = PBXFileReference; fileEncoding = 4; lastKnownFileType = sourcecode.c.h; path = TARouter.h; sourceTree = "<group>"; };
		5684E2FF1B5E27290004DD14 /* TARouter.m */ = {isa = PBXFileReference; fileEncoding = 4; lastKnownFileType = sourcecode.c.objc; path = TARouter.m; sourceTree = "<group>"; };
		5684E3061B5E27290004DD14 /* TAListChangedResponseModel.h */ = {isa = PBXFileReference; fileEncoding = 4; lastKnownFileType = sourcecode.c.h; path = TAListChangedResponseModel.h; sourceTree = "<group>"; };
		5684E3071B5E27290004DD14 /* TAListChangedResponseModel.m */ = {isa = PBXFileReference; fileEncoding = 4; lastKnownFileType = sourcecode.c.objc; path = TAListChangedResponseModel.m; sourceTree = "<group>"; };
		5684E30C1B5E272A0004DD14 /* TANetworkModels.h */ = {isa = PBXFileReference; fileEncoding = 4; lastKnownFileType = sourcecode.c.h; path = TANetworkModels.h; sourceTree = "<group>"; };
		5684E30D1B5E272A0004DD14 /* TANewSessionResponseModel.h */ = {isa = PBXFileReference; fileEncoding = 4; lastKnownFileType = sourcecode.c.h; path = TANewSessionResponseModel.h; sourceTree = "<group>"; };
		5684E30E1B5E272A0004DD14 /* TANewSessionResponseModel.m */ = {isa = PBXFileReference; fileEncoding = 4; lastKnownFileType = sourcecode.c.objc; path = TANewSessionResponseModel.m; sourceTree = "<group>"; };
		5684E30F1B5E272A0004DD14 /* TANewTokenResponseModel.h */ = {isa = PBXFileReference; fileEncoding = 4; lastKnownFileType = sourcecode.c.h; path = TANewTokenResponseModel.h; sourceTree = "<group>"; };
		5684E3101B5E272A0004DD14 /* TANewTokenResponseModel.m */ = {isa = PBXFileReference; fileEncoding = 4; lastKnownFileType = sourcecode.c.objc; path = TANewTokenResponseModel.m; sourceTree = "<group>"; };
		5684E3111B5E272A0004DD14 /* TAValidateResponseModel.h */ = {isa = PBXFileReference; fileEncoding = 4; lastKnownFileType = sourcecode.c.h; path = TAValidateResponseModel.h; sourceTree = "<group>"; };
		5684E3121B5E272A0004DD14 /* TAValidateResponseModel.m */ = {isa = PBXFileReference; fileEncoding = 4; lastKnownFileType = sourcecode.c.objc; path = TAValidateResponseModel.m; sourceTree = "<group>"; };
		5684E3141B5E272A0004DD14 /* TADiscoverItemObject.h */ = {isa = PBXFileReference; fileEncoding = 4; lastKnownFileType = sourcecode.c.h; path = TADiscoverItemObject.h; sourceTree = "<group>"; };
		5684E3151B5E272A0004DD14 /* TADiscoverItemObject.m */ = {isa = PBXFileReference; fileEncoding = 4; lastKnownFileType = sourcecode.c.objc; path = TADiscoverItemObject.m; sourceTree = "<group>"; };
		5684E3161B5E272A0004DD14 /* TADiscoveryObject.h */ = {isa = PBXFileReference; fileEncoding = 4; lastKnownFileType = sourcecode.c.h; path = TADiscoveryObject.h; sourceTree = "<group>"; };
		5684E3171B5E272A0004DD14 /* TADiscoveryObject.m */ = {isa = PBXFileReference; fileEncoding = 4; lastKnownFileType = sourcecode.c.objc; path = TADiscoveryObject.m; sourceTree = "<group>"; };
		5684E31A1B5E272A0004DD14 /* TAFloatObject.h */ = {isa = PBXFileReference; fileEncoding = 4; lastKnownFileType = sourcecode.c.h; path = TAFloatObject.h; sourceTree = "<group>"; };
		5684E31B1B5E272A0004DD14 /* TAFloatObject.m */ = {isa = PBXFileReference; fileEncoding = 4; lastKnownFileType = sourcecode.c.objc; path = TAFloatObject.m; sourceTree = "<group>"; };
		5684E31C1B5E272A0004DD14 /* TAIntegerObject.h */ = {isa = PBXFileReference; fileEncoding = 4; lastKnownFileType = sourcecode.c.h; path = TAIntegerObject.h; sourceTree = "<group>"; };
		5684E31D1B5E272A0004DD14 /* TAIntegerObject.m */ = {isa = PBXFileReference; fileEncoding = 4; lastKnownFileType = sourcecode.c.objc; path = TAIntegerObject.m; sourceTree = "<group>"; };
		5684E31E1B5E272A0004DD14 /* TAListItemObject.h */ = {isa = PBXFileReference; fileEncoding = 4; lastKnownFileType = sourcecode.c.h; path = TAListItemObject.h; sourceTree = "<group>"; };
		5684E31F1B5E272A0004DD14 /* TAListItemObject.m */ = {isa = PBXFileReference; fileEncoding = 4; lastKnownFileType = sourcecode.c.objc; path = TAListItemObject.m; sourceTree = "<group>"; };
		5684E3201B5E272A0004DD14 /* TAListResponseObject.h */ = {isa = PBXFileReference; fileEncoding = 4; lastKnownFileType = sourcecode.c.h; path = TAListResponseObject.h; sourceTree = "<group>"; };
		5684E3211B5E272A0004DD14 /* TAListResponseObject.m */ = {isa = PBXFileReference; fileEncoding = 4; lastKnownFileType = sourcecode.c.objc; path = TAListResponseObject.m; sourceTree = "<group>"; };
		5684E3261B5E272A0004DD14 /* TAServiceProvider.h */ = {isa = PBXFileReference; fileEncoding = 4; lastKnownFileType = sourcecode.c.h; path = TAServiceProvider.h; sourceTree = "<group>"; };
		5684E3271B5E272A0004DD14 /* TAServiceProvider.m */ = {isa = PBXFileReference; fileEncoding = 4; lastKnownFileType = sourcecode.c.objc; path = TAServiceProvider.m; sourceTree = "<group>"; };
		5684E3281B5E272A0004DD14 /* TAServiceRoutes.h */ = {isa = PBXFileReference; fileEncoding = 4; lastKnownFileType = sourcecode.c.h; path = TAServiceRoutes.h; sourceTree = "<group>"; };
		5684E3291B5E272A0004DD14 /* TAServiceRoutes.m */ = {isa = PBXFileReference; fileEncoding = 4; lastKnownFileType = sourcecode.c.objc; path = TAServiceRoutes.m; sourceTree = "<group>"; };
		5684E32C1B5E272A0004DD14 /* TAApplicationAssembly.h */ = {isa = PBXFileReference; fileEncoding = 4; lastKnownFileType = sourcecode.c.h; path = TAApplicationAssembly.h; sourceTree = "<group>"; };
		5684E32D1B5E272A0004DD14 /* TAApplicationAssembly.m */ = {isa = PBXFileReference; fileEncoding = 4; lastKnownFileType = sourcecode.c.objc; path = TAApplicationAssembly.m; sourceTree = "<group>"; };
		5684E32E1B5E272A0004DD14 /* TAViewModelsAssembly.h */ = {isa = PBXFileReference; fileEncoding = 4; lastKnownFileType = sourcecode.c.h; path = TAViewModelsAssembly.h; sourceTree = "<group>"; };
		5684E32F1B5E272A0004DD14 /* TAViewModelsAssembly.m */ = {isa = PBXFileReference; fileEncoding = 4; lastKnownFileType = sourcecode.c.objc; path = TAViewModelsAssembly.m; sourceTree = "<group>"; };
		5684E3301B5E272A0004DD14 /* TAViewsAssembly.h */ = {isa = PBXFileReference; fileEncoding = 4; lastKnownFileType = sourcecode.c.h; path = TAViewsAssembly.h; sourceTree = "<group>"; };
		5684E3311B5E272A0004DD14 /* TAViewsAssembly.m */ = {isa = PBXFileReference; fileEncoding = 4; lastKnownFileType = sourcecode.c.objc; path = TAViewsAssembly.m; sourceTree = "<group>"; };
		5684E3321B5E272A0004DD14 /* TAAppDelegate.h */ = {isa = PBXFileReference; fileEncoding = 4; lastKnownFileType = sourcecode.c.h; path = TAAppDelegate.h; sourceTree = "<group>"; };
		5684E3331B5E272A0004DD14 /* TAAppDelegate.m */ = {isa = PBXFileReference; fileEncoding = 4; lastKnownFileType = sourcecode.c.objc; path = TAAppDelegate.m; sourceTree = "<group>"; };
		5684E3351B5E272A0004DD14 /* TAViewController.h */ = {isa = PBXFileReference; fileEncoding = 4; lastKnownFileType = sourcecode.c.h; path = TAViewController.h; sourceTree = "<group>"; };
		5684E3361B5E272A0004DD14 /* TAViewController.m */ = {isa = PBXFileReference; fileEncoding = 4; lastKnownFileType = sourcecode.c.objc; path = TAViewController.m; sourceTree = "<group>"; };
		5684E3371B5E272A0004DD14 /* TAViewModel.h */ = {isa = PBXFileReference; fileEncoding = 4; lastKnownFileType = sourcecode.c.h; path = TAViewModel.h; sourceTree = "<group>"; };
		5684E3381B5E272A0004DD14 /* TAViewModel.m */ = {isa = PBXFileReference; fileEncoding = 4; lastKnownFileType = sourcecode.c.objc; path = TAViewModel.m; sourceTree = "<group>"; };
		5684E33B1B5E272A0004DD14 /* TADiscoveryViewController.h */ = {isa = PBXFileReference; fileEncoding = 4; lastKnownFileType = sourcecode.c.h; path = TADiscoveryViewController.h; sourceTree = "<group>"; };
		5684E33C1B5E272A0004DD14 /* TADiscoveryViewController.m */ = {isa = PBXFileReference; fileEncoding = 4; lastKnownFileType = sourcecode.c.objc; path = TADiscoveryViewController.m; sourceTree = "<group>"; };
		5684E33E1B5E272A0004DD14 /* TADiscoveryViewModel.h */ = {isa = PBXFileReference; fileEncoding = 4; lastKnownFileType = sourcecode.c.h; path = TADiscoveryViewModel.h; sourceTree = "<group>"; };
		5684E33F1B5E272A0004DD14 /* TADiscoveryViewModel.m */ = {isa = PBXFileReference; fileEncoding = 4; lastKnownFileType = sourcecode.c.objc; path = TADiscoveryViewModel.m; sourceTree = "<group>"; };
		5684E3411B5E272A0004DD14 /* TAFavoritesViewController.h */ = {isa = PBXFileReference; fileEncoding = 4; lastKnownFileType = sourcecode.c.h; path = TAFavoritesViewController.h; sourceTree = "<group>"; };
		5684E3421B5E272A0004DD14 /* TAFavoritesViewController.m */ = {isa = PBXFileReference; fileEncoding = 4; lastKnownFileType = sourcecode.c.objc; path = TAFavoritesViewController.m; sourceTree = "<group>"; };
		5684E3441B5E272A0004DD14 /* TAFavoritesViewModel.h */ = {isa = PBXFileReference; fileEncoding = 4; lastKnownFileType = sourcecode.c.h; path = TAFavoritesViewModel.h; sourceTree = "<group>"; };
		5684E3451B5E272A0004DD14 /* TAFavoritesViewModel.m */ = {isa = PBXFileReference; fileEncoding = 4; lastKnownFileType = sourcecode.c.objc; path = TAFavoritesViewModel.m; sourceTree = "<group>"; };
		5684E3471B5E272A0004DD14 /* TALoginViewController.h */ = {isa = PBXFileReference; fileEncoding = 4; lastKnownFileType = sourcecode.c.h; path = TALoginViewController.h; sourceTree = "<group>"; };
		5684E3481B5E272A0004DD14 /* TALoginViewController.m */ = {isa = PBXFileReference; fileEncoding = 4; lastKnownFileType = sourcecode.c.objc; path = TALoginViewController.m; sourceTree = "<group>"; };
		5684E3491B5E272A0004DD14 /* TALoginViewController.xib */ = {isa = PBXFileReference; fileEncoding = 4; lastKnownFileType = file.xib; path = TALoginViewController.xib; sourceTree = "<group>"; };
		5684E34A1B5E272A0004DD14 /* TALoginViewModel.h */ = {isa = PBXFileReference; fileEncoding = 4; lastKnownFileType = sourcecode.c.h; path = TALoginViewModel.h; sourceTree = "<group>"; };
		5684E34B1B5E272A0004DD14 /* TALoginViewModel.m */ = {isa = PBXFileReference; fileEncoding = 4; lastKnownFileType = sourcecode.c.objc; path = TALoginViewModel.m; sourceTree = "<group>"; };
		5684E34E1B5E272A0004DD14 /* TACentralViewController.h */ = {isa = PBXFileReference; fileEncoding = 4; lastKnownFileType = sourcecode.c.h; path = TACentralViewController.h; sourceTree = "<group>"; };
		5684E34F1B5E272A0004DD14 /* TACentralViewController.m */ = {isa = PBXFileReference; fileEncoding = 4; lastKnownFileType = sourcecode.c.objc; path = TACentralViewController.m; sourceTree = "<group>"; };
		5684E3501B5E272A0004DD14 /* TACentralViewController.xib */ = {isa = PBXFileReference; fileEncoding = 4; lastKnownFileType = file.xib; path = TACentralViewController.xib; sourceTree = "<group>"; };
		5684E3521B5E272A0004DD14 /* TAMenuViewController.h */ = {isa = PBXFileReference; fileEncoding = 4; lastKnownFileType = sourcecode.c.h; path = TAMenuViewController.h; sourceTree = "<group>"; };
		5684E3531B5E272A0004DD14 /* TAMenuViewController.m */ = {isa = PBXFileReference; fileEncoding = 4; lastKnownFileType = sourcecode.c.objc; path = TAMenuViewController.m; sourceTree = "<group>"; };
		5684E3541B5E272A0004DD14 /* TAMenuViewController.xib */ = {isa = PBXFileReference; fileEncoding = 4; lastKnownFileType = file.xib; path = TAMenuViewController.xib; sourceTree = "<group>"; };
		5684E3551B5E272A0004DD14 /* TAMenuViewModel.h */ = {isa = PBXFileReference; fileEncoding = 4; lastKnownFileType = sourcecode.c.h; path = TAMenuViewModel.h; sourceTree = "<group>"; };
		5684E3561B5E272A0004DD14 /* TAMenuViewModel.m */ = {isa = PBXFileReference; fileEncoding = 4; lastKnownFileType = sourcecode.c.objc; path = TAMenuViewModel.m; sourceTree = "<group>"; };
		5684E3571B5E272A0004DD14 /* TAMainViewController.h */ = {isa = PBXFileReference; fileEncoding = 4; lastKnownFileType = sourcecode.c.h; path = TAMainViewController.h; sourceTree = "<group>"; };
		5684E3581B5E272A0004DD14 /* TAMainViewController.m */ = {isa = PBXFileReference; fileEncoding = 4; lastKnownFileType = sourcecode.c.objc; path = TAMainViewController.m; sourceTree = "<group>"; };
		5684E35A1B5E272A0004DD14 /* TARootViewController.h */ = {isa = PBXFileReference; fileEncoding = 4; lastKnownFileType = sourcecode.c.h; path = TARootViewController.h; sourceTree = "<group>"; };
		5684E35B1B5E272A0004DD14 /* TARootViewController.m */ = {isa = PBXFileReference; fileEncoding = 4; lastKnownFileType = sourcecode.c.objc; path = TARootViewController.m; sourceTree = "<group>"; };
		5684E35C1B5E272A0004DD14 /* TARootViewModel.h */ = {isa = PBXFileReference; fileEncoding = 4; lastKnownFileType = sourcecode.c.h; path = TARootViewModel.h; sourceTree = "<group>"; };
		5684E35D1B5E272A0004DD14 /* TARootViewModel.m */ = {isa = PBXFileReference; fileEncoding = 4; lastKnownFileType = sourcecode.c.objc; path = TARootViewModel.m; sourceTree = "<group>"; };
		5684E35F1B5E272A0004DD14 /* TAWatchedViewController.h */ = {isa = PBXFileReference; fileEncoding = 4; lastKnownFileType = sourcecode.c.h; path = TAWatchedViewController.h; sourceTree = "<group>"; };
		5684E3601B5E272A0004DD14 /* TAWatchedViewController.m */ = {isa = PBXFileReference; fileEncoding = 4; lastKnownFileType = sourcecode.c.objc; path = TAWatchedViewController.m; sourceTree = "<group>"; };
		5684E3621B5E272A0004DD14 /* TAWatchedViewModel.h */ = {isa = PBXFileReference; fileEncoding = 4; lastKnownFileType = sourcecode.c.h; path = TAWatchedViewModel.h; sourceTree = "<group>"; };
		5684E3631B5E272A0004DD14 /* TAWatchedViewModel.m */ = {isa = PBXFileReference; fileEncoding = 4; lastKnownFileType = sourcecode.c.objc; path = TAWatchedViewModel.m; sourceTree = "<group>"; };
		5684E3931B5E274B0004DD14 /* main.m */ = {isa = PBXFileReference; fileEncoding = 4; lastKnownFileType = sourcecode.c.objc; path = main.m; sourceTree = "<group>"; };
		5684E3951B5E42470004DD14 /* TATableViewController.h */ = {isa = PBXFileReference; fileEncoding = 4; lastKnownFileType = sourcecode.c.h; path = TATableViewController.h; sourceTree = "<group>"; };
		5684E3961B5E42470004DD14 /* TATableViewController.m */ = {isa = PBXFileReference; fileEncoding = 4; lastKnownFileType = sourcecode.c.objc; path = TATableViewController.m; sourceTree = "<group>"; };
		5684E3971B5E42470004DD14 /* TATableViewController.xib */ = {isa = PBXFileReference; fileEncoding = 4; lastKnownFileType = file.xib; path = TATableViewController.xib; sourceTree = "<group>"; };
		5684E39A1B5E42620004DD14 /* TATableViewModelProtocol.h */ = {isa = PBXFileReference; fileEncoding = 4; lastKnownFileType = sourcecode.c.h; path = TATableViewModelProtocol.h; sourceTree = "<group>"; };
		568A10641B62874C00AE97F5 /* TACollectionPaginator.h */ = {isa = PBXFileReference; fileEncoding = 4; lastKnownFileType = sourcecode.c.h; path = TACollectionPaginator.h; sourceTree = "<group>"; };
		568A10651B62874C00AE97F5 /* TACollectionPaginator.m */ = {isa = PBXFileReference; fileEncoding = 4; lastKnownFileType = sourcecode.c.objc; path = TACollectionPaginator.m; sourceTree = "<group>"; };
		568A10681B62A40000AE97F5 /* TACellModelBindingProtocol.h */ = {isa = PBXFileReference; fileEncoding = 4; lastKnownFileType = sourcecode.c.h; path = TACellModelBindingProtocol.h; sourceTree = "<group>"; };
		568A10691B62A40000AE97F5 /* TAMovieCell.h */ = {isa = PBXFileReference; fileEncoding = 4; lastKnownFileType = sourcecode.c.h; path = TAMovieCell.h; sourceTree = "<group>"; };
		568A106A1B62A40000AE97F5 /* TAMovieCell.m */ = {isa = PBXFileReference; fileEncoding = 4; lastKnownFileType = sourcecode.c.objc; path = TAMovieCell.m; sourceTree = "<group>"; };
		568A106C1B62A41600AE97F5 /* TADiscoveryMovieViewModel.h */ = {isa = PBXFileReference; fileEncoding = 4; lastKnownFileType = sourcecode.c.h; path = TADiscoveryMovieViewModel.h; sourceTree = "<group>"; };
		568A106D1B62A41600AE97F5 /* TADiscoveryMovieViewModel.m */ = {isa = PBXFileReference; fileEncoding = 4; lastKnownFileType = sourcecode.c.objc; path = TADiscoveryMovieViewModel.m; sourceTree = "<group>"; };
		568A106F1B62A57000AE97F5 /* TADiscoveryMovieActionDelegate.h */ = {isa = PBXFileReference; fileEncoding = 4; lastKnownFileType = sourcecode.c.h; path = TADiscoveryMovieActionDelegate.h; sourceTree = "<group>"; };
		568A10711B62AAD100AE97F5 /* TAMovieListItemCell.h */ = {isa = PBXFileReference; fileEncoding = 4; lastKnownFileType = sourcecode.c.h; path = TAMovieListItemCell.h; sourceTree = "<group>"; };
		568A10721B62AAD100AE97F5 /* TAMovieListItemCell.m */ = {isa = PBXFileReference; fileEncoding = 4; lastKnownFileType = sourcecode.c.objc; path = TAMovieListItemCell.m; sourceTree = "<group>"; };
		568A10741B62AAEB00AE97F5 /* TAMovieListItemViewModel.h */ = {isa = PBXFileReference; fileEncoding = 4; lastKnownFileType = sourcecode.c.h; path = TAMovieListItemViewModel.h; sourceTree = "<group>"; };
		568A10751B62AAEB00AE97F5 /* TAMovieListItemViewModel.m */ = {isa = PBXFileReference; fileEncoding = 4; lastKnownFileType = sourcecode.c.objc; path = TAMovieListItemViewModel.m; sourceTree = "<group>"; };
		568A10771B62ABCB00AE97F5 /* TAMovieListItemActionDelegate.h */ = {isa = PBXFileReference; fileEncoding = 4; lastKnownFileType = sourcecode.c.h; path = TAMovieListItemActionDelegate.h; sourceTree = "<group>"; };
		568A10781B62B28A00AE97F5 /* TAMovieListItemActionObject.h */ = {isa = PBXFileReference; fileEncoding = 4; lastKnownFileType = sourcecode.c.h; path = TAMovieListItemActionObject.h; sourceTree = "<group>"; };
		568A10791B62B28A00AE97F5 /* TAMovieListItemActionObject.m */ = {isa = PBXFileReference; fileEncoding = 4; lastKnownFileType = sourcecode.c.objc; path = TAMovieListItemActionObject.m; sourceTree = "<group>"; };
		568A107C1B62CD1700AE97F5 /* TAActionProtocol.h */ = {isa = PBXFileReference; fileEncoding = 4; lastKnownFileType = sourcecode.c.h; path = TAActionProtocol.h; sourceTree = "<group>"; };
		568A107D1B62CDCF00AE97F5 /* TAOfflineActionsManager.h */ = {isa = PBXFileReference; fileEncoding = 4; lastKnownFileType = sourcecode.c.h; path = TAOfflineActionsManager.h; sourceTree = "<group>"; };
		568A107E1B62CDCF00AE97F5 /* TAOfflineActionsManager.m */ = {isa = PBXFileReference; fileEncoding = 4; lastKnownFileType = sourcecode.c.objc; path = TAOfflineActionsManager.m; sourceTree = "<group>"; };
		568A10801B62CE3A00AE97F5 /* TAAddFavoriteAction.h */ = {isa = PBXFileReference; fileEncoding = 4; lastKnownFileType = sourcecode.c.h; path = TAAddFavoriteAction.h; sourceTree = "<group>"; };
		568A10811B62CE3A00AE97F5 /* TAAddFavoriteAction.m */ = {isa = PBXFileReference; fileEncoding = 4; lastKnownFileType = sourcecode.c.objc; path = TAAddFavoriteAction.m; sourceTree = "<group>"; };
		568A10831B62CE4900AE97F5 /* TARemoveFavoriteAction.h */ = {isa = PBXFileReference; fileEncoding = 4; lastKnownFileType = sourcecode.c.h; path = TARemoveFavoriteAction.h; sourceTree = "<group>"; };
		568A10841B62CE4900AE97F5 /* TARemoveFavoriteAction.m */ = {isa = PBXFileReference; fileEncoding = 4; lastKnownFileType = sourcecode.c.objc; path = TARemoveFavoriteAction.m; sourceTree = "<group>"; };
		568A10861B62CE5800AE97F5 /* TAAddWatchedAction.h */ = {isa = PBXFileReference; fileEncoding = 4; lastKnownFileType = sourcecode.c.h; path = TAAddWatchedAction.h; sourceTree = "<group>"; };
		568A10871B62CE5800AE97F5 /* TAAddWatchedAction.m */ = {isa = PBXFileReference; fileEncoding = 4; lastKnownFileType = sourcecode.c.objc; path = TAAddWatchedAction.m; sourceTree = "<group>"; };
		568A10891B62CE6400AE97F5 /* TARemoveWatchedAction.h */ = {isa = PBXFileReference; fileEncoding = 4; lastKnownFileType = sourcecode.c.h; path = TARemoveWatchedAction.h; sourceTree = "<group>"; };
		568A108A1B62CE6400AE97F5 /* TARemoveWatchedAction.m */ = {isa = PBXFileReference; fileEncoding = 4; lastKnownFileType = sourcecode.c.objc; path = TARemoveWatchedAction.m; sourceTree = "<group>"; };
		568A108C1B62D1FB00AE97F5 /* TAListItemAction.h */ = {isa = PBXFileReference; fileEncoding = 4; lastKnownFileType = sourcecode.c.h; path = TAListItemAction.h; sourceTree = "<group>"; };
		568A108D1B62D1FB00AE97F5 /* TAListItemAction.m */ = {isa = PBXFileReference; fileEncoding = 4; lastKnownFileType = sourcecode.c.objc; path = TAListItemAction.m; sourceTree = "<group>"; };
		56D7F2C51B5C0F52005707AD /* MovieViewer.app */ = {isa = PBXFileReference; explicitFileType = wrapper.application; includeInIndex = 0; path = MovieViewer.app; sourceTree = BUILT_PRODUCTS_DIR; };
		56D7F2C91B5C0F52005707AD /* Info.plist */ = {isa = PBXFileReference; lastKnownFileType = text.plist.xml; path = Info.plist; sourceTree = "<group>"; };
		56D7F2D51B5C0F52005707AD /* Images.xcassets */ = {isa = PBXFileReference; lastKnownFileType = folder.assetcatalog; path = Images.xcassets; sourceTree = "<group>"; };
		56D7F2D81B5C0F52005707AD /* Base */ = {isa = PBXFileReference; lastKnownFileType = file.xib; name = Base; path = Base.lproj/LaunchScreen.xib; sourceTree = "<group>"; };
		56D7F2DE1B5C0F52005707AD /* MovieViewerTests.xctest */ = {isa = PBXFileReference; explicitFileType = wrapper.cfbundle; includeInIndex = 0; path = MovieViewerTests.xctest; sourceTree = BUILT_PRODUCTS_DIR; };
		56D7F2E31B5C0F52005707AD /* Info.plist */ = {isa = PBXFileReference; lastKnownFileType = text.plist.xml; path = Info.plist; sourceTree = "<group>"; };
		56D7F2E41B5C0F52005707AD /* MovieViewerTests.m */ = {isa = PBXFileReference; lastKnownFileType = sourcecode.c.objc; path = MovieViewerTests.m; sourceTree = "<group>"; };
		56E364591B60CB7900908459 /* TALoginFacade.h */ = {isa = PBXFileReference; fileEncoding = 4; lastKnownFileType = sourcecode.c.h; path = TALoginFacade.h; sourceTree = "<group>"; };
		56E3645A1B60CB7900908459 /* TALoginFacade.m */ = {isa = PBXFileReference; fileEncoding = 4; lastKnownFileType = sourcecode.c.objc; path = TALoginFacade.m; sourceTree = "<group>"; };
		56E3645C1B60CB8800908459 /* TAFacadeAbstract.h */ = {isa = PBXFileReference; fileEncoding = 4; lastKnownFileType = sourcecode.c.h; path = TAFacadeAbstract.h; sourceTree = "<group>"; };
		56E3645D1B60CB8800908459 /* TAFacadeAbstract.m */ = {isa = PBXFileReference; fileEncoding = 4; lastKnownFileType = sourcecode.c.objc; path = TAFacadeAbstract.m; sourceTree = "<group>"; };
		56E3645F1B60CBFF00908459 /* TAFacadesAssembly.h */ = {isa = PBXFileReference; fileEncoding = 4; lastKnownFileType = sourcecode.c.h; path = TAFacadesAssembly.h; sourceTree = "<group>"; };
		56E364601B60CBFF00908459 /* TAFacadesAssembly.m */ = {isa = PBXFileReference; fileEncoding = 4; lastKnownFileType = sourcecode.c.objc; path = TAFacadesAssembly.m; sourceTree = "<group>"; };
		56E364621B60CCEF00908459 /* TAServicesAssembly.h */ = {isa = PBXFileReference; fileEncoding = 4; lastKnownFileType = sourcecode.c.h; path = TAServicesAssembly.h; sourceTree = "<group>"; };
		56E364631B60CCEF00908459 /* TAServicesAssembly.m */ = {isa = PBXFileReference; fileEncoding = 4; lastKnownFileType = sourcecode.c.objc; path = TAServicesAssembly.m; sourceTree = "<group>"; };
		56E364651B60D39200908459 /* TAErrors.h */ = {isa = PBXFileReference; fileEncoding = 4; lastKnownFileType = sourcecode.c.h; path = TAErrors.h; sourceTree = "<group>"; };
		56E364661B60D39200908459 /* TAErrors.m */ = {isa = PBXFileReference; fileEncoding = 4; lastKnownFileType = sourcecode.c.objc; path = TAErrors.m; sourceTree = "<group>"; };
		56E364681B60D39E00908459 /* TAConstants.h */ = {isa = PBXFileReference; fileEncoding = 4; lastKnownFileType = sourcecode.c.h; path = TAConstants.h; sourceTree = "<group>"; };
		56E364691B60D39E00908459 /* TAConstants.m */ = {isa = PBXFileReference; fileEncoding = 4; lastKnownFileType = sourcecode.c.objc; path = TAConstants.m; sourceTree = "<group>"; };
		56E3646B1B611E9400908459 /* TADiscoveryFacade.h */ = {isa = PBXFileReference; fileEncoding = 4; lastKnownFileType = sourcecode.c.h; path = TADiscoveryFacade.h; sourceTree = "<group>"; };
		56E3646C1B611E9400908459 /* TADiscoveryFacade.m */ = {isa = PBXFileReference; fileEncoding = 4; lastKnownFileType = sourcecode.c.objc; path = TADiscoveryFacade.m; sourceTree = "<group>"; };
		56E3646E1B61229200908459 /* NSError+EmbeddedError.h */ = {isa = PBXFileReference; fileEncoding = 4; lastKnownFileType = sourcecode.c.h; path = "NSError+EmbeddedError.h"; sourceTree = "<group>"; };
		56E3646F1B61229200908459 /* NSError+EmbeddedError.m */ = {isa = PBXFileReference; fileEncoding = 4; lastKnownFileType = sourcecode.c.objc; path = "NSError+EmbeddedError.m"; sourceTree = "<group>"; };
		56E364711B61264900908459 /* TAFavoritesMoviesFacade.h */ = {isa = PBXFileReference; fileEncoding = 4; lastKnownFileType = sourcecode.c.h; path = TAFavoritesMoviesFacade.h; sourceTree = "<group>"; };
		56E364721B61264900908459 /* TAFavoritesMoviesFacade.m */ = {isa = PBXFileReference; fileEncoding = 4; lastKnownFileType = sourcecode.c.objc; path = TAFavoritesMoviesFacade.m; sourceTree = "<group>"; };
		56E364741B61293C00908459 /* TAWatchedMoviesFacade.h */ = {isa = PBXFileReference; fileEncoding = 4; lastKnownFileType = sourcecode.c.h; path = TAWatchedMoviesFacade.h; sourceTree = "<group>"; };
		56E364751B61293C00908459 /* TAWatchedMoviesFacade.m */ = {isa = PBXFileReference; fileEncoding = 4; lastKnownFileType = sourcecode.c.objc; path = TAWatchedMoviesFacade.m; sourceTree = "<group>"; };
		9DE867138158BA20BE0672B1 /* libPods.a */ = {isa = PBXFileReference; explicitFileType = archive.ar; includeInIndex = 0; path = libPods.a; sourceTree = BUILT_PRODUCTS_DIR; };
		D0ADB411BD28461562FFA885 /* Pods.debug.xcconfig */ = {isa = PBXFileReference; includeInIndex = 1; lastKnownFileType = text.xcconfig; name = Pods.debug.xcconfig; path = "Pods/Target Support Files/Pods/Pods.debug.xcconfig"; sourceTree = "<group>"; };
		F87B41F2F3F339CC24649B34 /* TADispatchManagement.m */ = {isa = PBXFileReference; fileEncoding = 4; lastKnownFileType = sourcecode.c.objc; path = TADispatchManagement.m; sourceTree = "<group>"; };
		F87B4301075A0CC9D440722F /* TADiscoverRequestParametersModel.m */ = {isa = PBXFileReference; fileEncoding = 4; lastKnownFileType = sourcecode.c.objc; path = TADiscoverRequestParametersModel.m; sourceTree = "<group>"; };
		F87B432CE2711C9D6F15D342 /* TAFavoriteListRequestParametersModel.h */ = {isa = PBXFileReference; fileEncoding = 4; lastKnownFileType = sourcecode.c.h; path = TAFavoriteListRequestParametersModel.h; sourceTree = "<group>"; };
		F87B44BE4E7A25C4CDE89FE3 /* TAAddWatchlistRequestModel.h */ = {isa = PBXFileReference; fileEncoding = 4; lastKnownFileType = sourcecode.c.h; path = TAAddWatchlistRequestModel.h; sourceTree = "<group>"; };
		F87B4529FC2BD9F0B360A1DF /* TADispatchManagement.h */ = {isa = PBXFileReference; fileEncoding = 4; lastKnownFileType = sourcecode.c.h; path = TADispatchManagement.h; sourceTree = "<group>"; };
		F87B465D779FAD67455094A1 /* TAWatchlistRequestParametersModel.h */ = {isa = PBXFileReference; fileEncoding = 4; lastKnownFileType = sourcecode.c.h; path = TAWatchlistRequestParametersModel.h; sourceTree = "<group>"; };
		F87B48916DB7F5E8EB6A9B89 /* TAWatchlistRequestParametersModel.m */ = {isa = PBXFileReference; fileEncoding = 4; lastKnownFileType = sourcecode.c.objc; path = TAWatchlistRequestParametersModel.m; sourceTree = "<group>"; };
		F87B49D144D0E242D988A76C /* TAUserTMDBSessionObject.h */ = {isa = PBXFileReference; fileEncoding = 4; lastKnownFileType = sourcecode.c.h; path = TAUserTMDBSessionObject.h; sourceTree = "<group>"; };
		F87B4B6F263112B1E881A373 /* TAUserAuthInfo.h */ = {isa = PBXFileReference; fileEncoding = 4; lastKnownFileType = sourcecode.c.h; path = TAUserAuthInfo.h; sourceTree = "<group>"; };
		F87B4C66FBBACE18B30335C2 /* TAFavoriteListRequestParametersModel.m */ = {isa = PBXFileReference; fileEncoding = 4; lastKnownFileType = sourcecode.c.objc; path = TAFavoriteListRequestParametersModel.m; sourceTree = "<group>"; };
		F87B4CE66ACAA6AC9C9F6B2C /* TAAddFavoriteRequestModel.m */ = {isa = PBXFileReference; fileEncoding = 4; lastKnownFileType = sourcecode.c.objc; path = TAAddFavoriteRequestModel.m; sourceTree = "<group>"; };
		F87B4DD8D34961AD5E7DA5D6 /* TAUserTMDBSessionObject.m */ = {isa = PBXFileReference; fileEncoding = 4; lastKnownFileType = sourcecode.c.objc; path = TAUserTMDBSessionObject.m; sourceTree = "<group>"; };
		F87B4E14952637601577B68D /* TADiscoverRequestParametersModel.h */ = {isa = PBXFileReference; fileEncoding = 4; lastKnownFileType = sourcecode.c.h; path = TADiscoverRequestParametersModel.h; sourceTree = "<group>"; };
		F87B4E42E36B9F37C5574468 /* TAUserAuthInfo.m */ = {isa = PBXFileReference; fileEncoding = 4; lastKnownFileType = sourcecode.c.objc; path = TAUserAuthInfo.m; sourceTree = "<group>"; };
		F87B4E5D25D3358BB4E5DCD6 /* TAAddFavoriteRequestModel.h */ = {isa = PBXFileReference; fileEncoding = 4; lastKnownFileType = sourcecode.c.h; path = TAAddFavoriteRequestModel.h; sourceTree = "<group>"; };
		F87B4FB2A5B883FE7E75B6C2 /* TAAddWatchlistRequestModel.m */ = {isa = PBXFileReference; fileEncoding = 4; lastKnownFileType = sourcecode.c.objc; path = TAAddWatchlistRequestModel.m; sourceTree = "<group>"; };
/* End PBXFileReference section */

/* Begin PBXFrameworksBuildPhase section */
		56D7F2C21B5C0F52005707AD /* Frameworks */ = {
			isa = PBXFrameworksBuildPhase;
			buildActionMask = 2147483647;
			files = (
				224D3DEAB0A47AEA3B3AD3C3 /* libPods.a in Frameworks */,
			);
			runOnlyForDeploymentPostprocessing = 0;
		};
		56D7F2DB1B5C0F52005707AD /* Frameworks */ = {
			isa = PBXFrameworksBuildPhase;
			buildActionMask = 2147483647;
			files = (
			);
			runOnlyForDeploymentPostprocessing = 0;
		};
/* End PBXFrameworksBuildPhase section */

/* Begin PBXGroup section */
		215A5CDBE26CF5B5034C9DFF /* Frameworks */ = {
			isa = PBXGroup;
			children = (
				9DE867138158BA20BE0672B1 /* libPods.a */,
			);
			name = Frameworks;
			sourceTree = "<group>";
		};
		5684E2F71B5E27290004DD14 /* Categories */ = {
			isa = PBXGroup;
			children = (
				5684E2F81B5E27290004DD14 /* NSDateFormatter+TADateFormatters.h */,
				5684E2F91B5E27290004DD14 /* NSDateFormatter+TADateFormatters.m */,
				5684E2FA1B5E27290004DD14 /* UIViewController+ChildViews.h */,
				5684E2FB1B5E27290004DD14 /* UIViewController+ChildViews.m */,
				56E3646E1B61229200908459 /* NSError+EmbeddedError.h */,
				56E3646F1B61229200908459 /* NSError+EmbeddedError.m */,
				564788CE1B624C1100CAC87D /* RLMObject+Mantle.h */,
				564788CF1B624C1100CAC87D /* RLMObject+Mantle.m */,
			);
			path = Categories;
			sourceTree = "<group>";
		};
		5684E2FC1B5E27290004DD14 /* Logic */ = {
			isa = PBXGroup;
			children = (
				568A107B1B62CCF800AE97F5 /* Actions */,
				568A10631B62873200AE97F5 /* Paginating */,
				5684E2FD1B5E27290004DD14 /* Navigation */,
			);
			path = Logic;
			sourceTree = "<group>";
		};
		5684E2FD1B5E27290004DD14 /* Navigation */ = {
			isa = PBXGroup;
			children = (
				5684E2FE1B5E27290004DD14 /* TARouter.h */,
				5684E2FF1B5E27290004DD14 /* TARouter.m */,
			);
			path = Navigation;
			sourceTree = "<group>";
		};
		5684E3001B5E27290004DD14 /* Models */ = {
			isa = PBXGroup;
			children = (
				5684E3011B5E27290004DD14 /* NetworkModels */,
				5684E3131B5E272A0004DD14 /* RealmModels */,
			);
			path = Models;
			sourceTree = "<group>";
		};
		5684E3011B5E27290004DD14 /* NetworkModels */ = {
			isa = PBXGroup;
			children = (
				5684E3061B5E27290004DD14 /* TAListChangedResponseModel.h */,
				5684E3071B5E27290004DD14 /* TAListChangedResponseModel.m */,
				5684E30C1B5E272A0004DD14 /* TANetworkModels.h */,
				5684E30D1B5E272A0004DD14 /* TANewSessionResponseModel.h */,
				5684E30E1B5E272A0004DD14 /* TANewSessionResponseModel.m */,
				5684E30F1B5E272A0004DD14 /* TANewTokenResponseModel.h */,
				5684E3101B5E272A0004DD14 /* TANewTokenResponseModel.m */,
				5684E3111B5E272A0004DD14 /* TAValidateResponseModel.h */,
				5684E3121B5E272A0004DD14 /* TAValidateResponseModel.m */,
				F87B4E42E36B9F37C5574468 /* TAUserAuthInfo.m */,
				F87B4B6F263112B1E881A373 /* TAUserAuthInfo.h */,
				F87B4301075A0CC9D440722F /* TADiscoverRequestParametersModel.m */,
				F87B4E14952637601577B68D /* TADiscoverRequestParametersModel.h */,
				F87B4C66FBBACE18B30335C2 /* TAFavoriteListRequestParametersModel.m */,
				F87B432CE2711C9D6F15D342 /* TAFavoriteListRequestParametersModel.h */,
				F87B48916DB7F5E8EB6A9B89 /* TAWatchlistRequestParametersModel.m */,
				F87B465D779FAD67455094A1 /* TAWatchlistRequestParametersModel.h */,
				F87B4FB2A5B883FE7E75B6C2 /* TAAddWatchlistRequestModel.m */,
				F87B44BE4E7A25C4CDE89FE3 /* TAAddWatchlistRequestModel.h */,
				F87B4CE66ACAA6AC9C9F6B2C /* TAAddFavoriteRequestModel.m */,
				F87B4E5D25D3358BB4E5DCD6 /* TAAddFavoriteRequestModel.h */,
			);
			path = NetworkModels;
			sourceTree = "<group>";
		};
		5684E3131B5E272A0004DD14 /* RealmModels */ = {
			isa = PBXGroup;
			children = (
				5684E3141B5E272A0004DD14 /* TADiscoverItemObject.h */,
				5684E3151B5E272A0004DD14 /* TADiscoverItemObject.m */,
				5684E3161B5E272A0004DD14 /* TADiscoveryObject.h */,
				5684E3171B5E272A0004DD14 /* TADiscoveryObject.m */,
				5684E31A1B5E272A0004DD14 /* TAFloatObject.h */,
				5684E31B1B5E272A0004DD14 /* TAFloatObject.m */,
				5684E31C1B5E272A0004DD14 /* TAIntegerObject.h */,
				5684E31D1B5E272A0004DD14 /* TAIntegerObject.m */,
				5684E31E1B5E272A0004DD14 /* TAListItemObject.h */,
				5684E31F1B5E272A0004DD14 /* TAListItemObject.m */,
				5684E3201B5E272A0004DD14 /* TAListResponseObject.h */,
				5684E3211B5E272A0004DD14 /* TAListResponseObject.m */,
				F87B4DD8D34961AD5E7DA5D6 /* TAUserTMDBSessionObject.m */,
				F87B49D144D0E242D988A76C /* TAUserTMDBSessionObject.h */,
				564788D11B62726800CAC87D /* TAUserProfile.h */,
				564788D21B62726800CAC87D /* TAUserProfile.m */,
				568A10781B62B28A00AE97F5 /* TAMovieListItemActionObject.h */,
				568A10791B62B28A00AE97F5 /* TAMovieListItemActionObject.m */,
			);
			path = RealmModels;
			sourceTree = "<group>";
		};
		5684E3241B5E272A0004DD14 /* Resources */ = {
			isa = PBXGroup;
			children = (
				56E364651B60D39200908459 /* TAErrors.h */,
				56E364661B60D39200908459 /* TAErrors.m */,
				56E364681B60D39E00908459 /* TAConstants.h */,
				56E364691B60D39E00908459 /* TAConstants.m */,
			);
			path = Resources;
			sourceTree = "<group>";
		};
		5684E3251B5E272A0004DD14 /* ServiceProviders */ = {
			isa = PBXGroup;
			children = (
				5684E3261B5E272A0004DD14 /* TAServiceProvider.h */,
				5684E3271B5E272A0004DD14 /* TAServiceProvider.m */,
				5684E3281B5E272A0004DD14 /* TAServiceRoutes.h */,
				5684E3291B5E272A0004DD14 /* TAServiceRoutes.m */,
			);
			path = ServiceProviders;
			sourceTree = "<group>";
		};
		5684E32A1B5E272A0004DD14 /* App */ = {
			isa = PBXGroup;
			children = (
				5684E32B1B5E272A0004DD14 /* Assemblies */,
				5684E3321B5E272A0004DD14 /* TAAppDelegate.h */,
				5684E3331B5E272A0004DD14 /* TAAppDelegate.m */,
				F87B4EE4C172CE74E361FFD5 /* ThreadManagement */,
			);
			path = App;
			sourceTree = "<group>";
		};
		5684E32B1B5E272A0004DD14 /* Assemblies */ = {
			isa = PBXGroup;
			children = (
				5684E32C1B5E272A0004DD14 /* TAApplicationAssembly.h */,
				5684E32D1B5E272A0004DD14 /* TAApplicationAssembly.m */,
				5684E32E1B5E272A0004DD14 /* TAViewModelsAssembly.h */,
				5684E32F1B5E272A0004DD14 /* TAViewModelsAssembly.m */,
				5684E3301B5E272A0004DD14 /* TAViewsAssembly.h */,
				5684E3311B5E272A0004DD14 /* TAViewsAssembly.m */,
				56E3645F1B60CBFF00908459 /* TAFacadesAssembly.h */,
				56E364601B60CBFF00908459 /* TAFacadesAssembly.m */,
				56E364621B60CCEF00908459 /* TAServicesAssembly.h */,
				56E364631B60CCEF00908459 /* TAServicesAssembly.m */,
			);
			path = Assemblies;
			sourceTree = "<group>";
		};
		5684E3341B5E272A0004DD14 /* Basics */ = {
			isa = PBXGroup;
			children = (
				5684E3351B5E272A0004DD14 /* TAViewController.h */,
				5684E3361B5E272A0004DD14 /* TAViewController.m */,
				5684E3371B5E272A0004DD14 /* TAViewModel.h */,
				5684E3381B5E272A0004DD14 /* TAViewModel.m */,
				5684E3951B5E42470004DD14 /* TATableViewController.h */,
				5684E3961B5E42470004DD14 /* TATableViewController.m */,
				5684E3971B5E42470004DD14 /* TATableViewController.xib */,
				5684E39A1B5E42620004DD14 /* TATableViewModelProtocol.h */,
				568A106F1B62A57000AE97F5 /* TADiscoveryMovieActionDelegate.h */,
				568A10771B62ABCB00AE97F5 /* TAMovieListItemActionDelegate.h */,
			);
			path = Basics;
			sourceTree = "<group>";
		};
		5684E3391B5E272A0004DD14 /* Screens */ = {
			isa = PBXGroup;
			children = (
				5684E33A1B5E272A0004DD14 /* discovery */,
				5684E3401B5E272A0004DD14 /* favorites */,
				5684E35E1B5E272A0004DD14 /* watched */,
				5684E3461B5E272A0004DD14 /* login */,
				5684E34C1B5E272A0004DD14 /* main */,
				5684E3591B5E272A0004DD14 /* root */,
			);
			path = Screens;
			sourceTree = "<group>";
		};
		5684E33A1B5E272A0004DD14 /* discovery */ = {
			isa = PBXGroup;
			children = (
				5684E33B1B5E272A0004DD14 /* TADiscoveryViewController.h */,
				5684E33C1B5E272A0004DD14 /* TADiscoveryViewController.m */,
				5684E33E1B5E272A0004DD14 /* TADiscoveryViewModel.h */,
				5684E33F1B5E272A0004DD14 /* TADiscoveryViewModel.m */,
			);
			path = discovery;
			sourceTree = "<group>";
		};
		5684E3401B5E272A0004DD14 /* favorites */ = {
			isa = PBXGroup;
			children = (
				5684E3411B5E272A0004DD14 /* TAFavoritesViewController.h */,
				5684E3421B5E272A0004DD14 /* TAFavoritesViewController.m */,
				5684E3441B5E272A0004DD14 /* TAFavoritesViewModel.h */,
				5684E3451B5E272A0004DD14 /* TAFavoritesViewModel.m */,
			);
			path = favorites;
			sourceTree = "<group>";
		};
		5684E3461B5E272A0004DD14 /* login */ = {
			isa = PBXGroup;
			children = (
				5684E3471B5E272A0004DD14 /* TALoginViewController.h */,
				5684E3481B5E272A0004DD14 /* TALoginViewController.m */,
				5684E3491B5E272A0004DD14 /* TALoginViewController.xib */,
				5684E34A1B5E272A0004DD14 /* TALoginViewModel.h */,
				5684E34B1B5E272A0004DD14 /* TALoginViewModel.m */,
			);
			path = login;
			sourceTree = "<group>";
		};
		5684E34C1B5E272A0004DD14 /* main */ = {
			isa = PBXGroup;
			children = (
				5684E34D1B5E272A0004DD14 /* central */,
				5684E3511B5E272A0004DD14 /* menu */,
				5684E3571B5E272A0004DD14 /* TAMainViewController.h */,
				5684E3581B5E272A0004DD14 /* TAMainViewController.m */,
			);
			path = main;
			sourceTree = "<group>";
		};
		5684E34D1B5E272A0004DD14 /* central */ = {
			isa = PBXGroup;
			children = (
				5684E34E1B5E272A0004DD14 /* TACentralViewController.h */,
				5684E34F1B5E272A0004DD14 /* TACentralViewController.m */,
				5684E3501B5E272A0004DD14 /* TACentralViewController.xib */,
			);
			path = central;
			sourceTree = "<group>";
		};
		5684E3511B5E272A0004DD14 /* menu */ = {
			isa = PBXGroup;
			children = (
				5684E3521B5E272A0004DD14 /* TAMenuViewController.h */,
				5684E3531B5E272A0004DD14 /* TAMenuViewController.m */,
				5684E3541B5E272A0004DD14 /* TAMenuViewController.xib */,
				5684E3551B5E272A0004DD14 /* TAMenuViewModel.h */,
				5684E3561B5E272A0004DD14 /* TAMenuViewModel.m */,
			);
			path = menu;
			sourceTree = "<group>";
		};
		5684E3591B5E272A0004DD14 /* root */ = {
			isa = PBXGroup;
			children = (
				5684E35A1B5E272A0004DD14 /* TARootViewController.h */,
				5684E35B1B5E272A0004DD14 /* TARootViewController.m */,
				5684E35C1B5E272A0004DD14 /* TARootViewModel.h */,
				5684E35D1B5E272A0004DD14 /* TARootViewModel.m */,
			);
			path = root;
			sourceTree = "<group>";
		};
		5684E35E1B5E272A0004DD14 /* watched */ = {
			isa = PBXGroup;
			children = (
				5684E35F1B5E272A0004DD14 /* TAWatchedViewController.h */,
				5684E3601B5E272A0004DD14 /* TAWatchedViewController.m */,
				5684E3621B5E272A0004DD14 /* TAWatchedViewModel.h */,
				5684E3631B5E272A0004DD14 /* TAWatchedViewModel.m */,
			);
			path = watched;
			sourceTree = "<group>";
		};
		5684E39B1B5E46850004DD14 /* Presentation */ = {
			isa = PBXGroup;
			children = (
				5684E39C1B5E46940004DD14 /* Cells */,
			);
			path = Presentation;
			sourceTree = "<group>";
		};
		5684E39C1B5E46940004DD14 /* Cells */ = {
			isa = PBXGroup;
			children = (
				568A10701B62AAB700AE97F5 /* User List Item Cell */,
				568A10671B62A3EE00AE97F5 /* Discovery Cell */,
			);
			path = Cells;
			sourceTree = "<group>";
		};
		568A10631B62873200AE97F5 /* Paginating */ = {
			isa = PBXGroup;
			children = (
				568A10641B62874C00AE97F5 /* TACollectionPaginator.h */,
				568A10651B62874C00AE97F5 /* TACollectionPaginator.m */,
			);
			path = Paginating;
			sourceTree = "<group>";
		};
		568A10671B62A3EE00AE97F5 /* Discovery Cell */ = {
			isa = PBXGroup;
			children = (
				568A10681B62A40000AE97F5 /* TACellModelBindingProtocol.h */,
				568A10691B62A40000AE97F5 /* TAMovieCell.h */,
				568A106A1B62A40000AE97F5 /* TAMovieCell.m */,
				568A106C1B62A41600AE97F5 /* TADiscoveryMovieViewModel.h */,
				568A106D1B62A41600AE97F5 /* TADiscoveryMovieViewModel.m */,
			);
			path = "Discovery Cell";
			sourceTree = "<group>";
		};
		568A10701B62AAB700AE97F5 /* User List Item Cell */ = {
			isa = PBXGroup;
			children = (
				568A10711B62AAD100AE97F5 /* TAMovieListItemCell.h */,
				568A10721B62AAD100AE97F5 /* TAMovieListItemCell.m */,
				568A10741B62AAEB00AE97F5 /* TAMovieListItemViewModel.h */,
				568A10751B62AAEB00AE97F5 /* TAMovieListItemViewModel.m */,
			);
			path = "User List Item Cell";
			sourceTree = "<group>";
		};
		568A107B1B62CCF800AE97F5 /* Actions */ = {
			isa = PBXGroup;
			children = (
				568A107C1B62CD1700AE97F5 /* TAActionProtocol.h */,
				568A107D1B62CDCF00AE97F5 /* TAOfflineActionsManager.h */,
				568A107E1B62CDCF00AE97F5 /* TAOfflineActionsManager.m */,
				568A10801B62CE3A00AE97F5 /* TAAddFavoriteAction.h */,
				568A10811B62CE3A00AE97F5 /* TAAddFavoriteAction.m */,
				568A10831B62CE4900AE97F5 /* TARemoveFavoriteAction.h */,
				568A10841B62CE4900AE97F5 /* TARemoveFavoriteAction.m */,
				568A10861B62CE5800AE97F5 /* TAAddWatchedAction.h */,
				568A10871B62CE5800AE97F5 /* TAAddWatchedAction.m */,
				568A10891B62CE6400AE97F5 /* TARemoveWatchedAction.h */,
				568A108A1B62CE6400AE97F5 /* TARemoveWatchedAction.m */,
				568A108C1B62D1FB00AE97F5 /* TAListItemAction.h */,
				568A108D1B62D1FB00AE97F5 /* TAListItemAction.m */,
			);
			path = Actions;
			sourceTree = "<group>";
		};
		56D7F2BC1B5C0F52005707AD = {
			isa = PBXGroup;
			children = (
				56D7F2C71B5C0F52005707AD /* MovieViewer */,
				56D7F2E11B5C0F52005707AD /* MovieViewerTests */,
				56D7F2C61B5C0F52005707AD /* Products */,
				E8FF0E9C6CB57478FFF1C216 /* Pods */,
				215A5CDBE26CF5B5034C9DFF /* Frameworks */,
			);
			sourceTree = "<group>";
		};
		56D7F2C61B5C0F52005707AD /* Products */ = {
			isa = PBXGroup;
			children = (
				56D7F2C51B5C0F52005707AD /* MovieViewer.app */,
				56D7F2DE1B5C0F52005707AD /* MovieViewerTests.xctest */,
			);
			name = Products;
			sourceTree = "<group>";
		};
		56D7F2C71B5C0F52005707AD /* MovieViewer */ = {
			isa = PBXGroup;
			children = (
				5684E32A1B5E272A0004DD14 /* App */,
				56E364581B60CB3800908459 /* Facades */,
				5684E39B1B5E46850004DD14 /* Presentation */,
				5684E2F71B5E27290004DD14 /* Categories */,
				5684E2FC1B5E27290004DD14 /* Logic */,
				5684E3001B5E27290004DD14 /* Models */,
				5684E3241B5E272A0004DD14 /* Resources */,
				5684E3251B5E272A0004DD14 /* ServiceProviders */,
				5684E3341B5E272A0004DD14 /* Basics */,
				5684E3391B5E272A0004DD14 /* Screens */,
				56D7F2D51B5C0F52005707AD /* Images.xcassets */,
				56D7F2D71B5C0F52005707AD /* LaunchScreen.xib */,
				56D7F2C81B5C0F52005707AD /* Supporting Files */,
			);
			path = MovieViewer;
			sourceTree = "<group>";
		};
		56D7F2C81B5C0F52005707AD /* Supporting Files */ = {
			isa = PBXGroup;
			children = (
				5684E3931B5E274B0004DD14 /* main.m */,
				56D7F2C91B5C0F52005707AD /* Info.plist */,
				5684E2E71B5DBA030004DD14 /* PrefixHeader.pch */,
			);
			name = "Supporting Files";
			sourceTree = "<group>";
		};
		56D7F2E11B5C0F52005707AD /* MovieViewerTests */ = {
			isa = PBXGroup;
			children = (
				56D7F2E41B5C0F52005707AD /* MovieViewerTests.m */,
				56D7F2E21B5C0F52005707AD /* Supporting Files */,
			);
			path = MovieViewerTests;
			sourceTree = "<group>";
		};
		56D7F2E21B5C0F52005707AD /* Supporting Files */ = {
			isa = PBXGroup;
			children = (
				56D7F2E31B5C0F52005707AD /* Info.plist */,
			);
			name = "Supporting Files";
			sourceTree = "<group>";
		};
		56E364581B60CB3800908459 /* Facades */ = {
			isa = PBXGroup;
			children = (
				56E364591B60CB7900908459 /* TALoginFacade.h */,
				56E3645A1B60CB7900908459 /* TALoginFacade.m */,
				56E3645C1B60CB8800908459 /* TAFacadeAbstract.h */,
				56E3645D1B60CB8800908459 /* TAFacadeAbstract.m */,
				56E3646B1B611E9400908459 /* TADiscoveryFacade.h */,
				56E3646C1B611E9400908459 /* TADiscoveryFacade.m */,
				56E364711B61264900908459 /* TAFavoritesMoviesFacade.h */,
				56E364721B61264900908459 /* TAFavoritesMoviesFacade.m */,
				56E364741B61293C00908459 /* TAWatchedMoviesFacade.h */,
				56E364751B61293C00908459 /* TAWatchedMoviesFacade.m */,
			);
			path = Facades;
			sourceTree = "<group>";
		};
		E8FF0E9C6CB57478FFF1C216 /* Pods */ = {
			isa = PBXGroup;
			children = (
				D0ADB411BD28461562FFA885 /* Pods.debug.xcconfig */,
				442A0F1FB7677EFE7F7505F2 /* Pods.release.xcconfig */,
			);
			name = Pods;
			sourceTree = "<group>";
		};
		F87B4EE4C172CE74E361FFD5 /* ThreadManagement */ = {
			isa = PBXGroup;
			children = (
				F87B41F2F3F339CC24649B34 /* TADispatchManagement.m */,
				F87B4529FC2BD9F0B360A1DF /* TADispatchManagement.h */,
			);
			path = ThreadManagement;
			sourceTree = "<group>";
		};
/* End PBXGroup section */

/* Begin PBXNativeTarget section */
		56D7F2C41B5C0F52005707AD /* MovieViewer */ = {
			isa = PBXNativeTarget;
			buildConfigurationList = 56D7F2E81B5C0F52005707AD /* Build configuration list for PBXNativeTarget "MovieViewer" */;
			buildPhases = (
				9B4CB9798C1664ADCE39E9C4 /* Check Pods Manifest.lock */,
				56D7F2C11B5C0F52005707AD /* Sources */,
				56D7F2C21B5C0F52005707AD /* Frameworks */,
				56D7F2C31B5C0F52005707AD /* Resources */,
				47328855D6BEB4DB7C13D948 /* Copy Pods Resources */,
			);
			buildRules = (
			);
			dependencies = (
			);
			name = MovieViewer;
			productName = MovieViewer;
			productReference = 56D7F2C51B5C0F52005707AD /* MovieViewer.app */;
			productType = "com.apple.product-type.application";
		};
		56D7F2DD1B5C0F52005707AD /* MovieViewerTests */ = {
			isa = PBXNativeTarget;
			buildConfigurationList = 56D7F2EB1B5C0F52005707AD /* Build configuration list for PBXNativeTarget "MovieViewerTests" */;
			buildPhases = (
				56D7F2DA1B5C0F52005707AD /* Sources */,
				56D7F2DB1B5C0F52005707AD /* Frameworks */,
				56D7F2DC1B5C0F52005707AD /* Resources */,
			);
			buildRules = (
			);
			dependencies = (
				56D7F2E01B5C0F52005707AD /* PBXTargetDependency */,
			);
			name = MovieViewerTests;
			productName = MovieViewerTests;
			productReference = 56D7F2DE1B5C0F52005707AD /* MovieViewerTests.xctest */;
			productType = "com.apple.product-type.bundle.unit-test";
		};
/* End PBXNativeTarget section */

/* Begin PBXProject section */
		56D7F2BD1B5C0F52005707AD /* Project object */ = {
			isa = PBXProject;
			attributes = {
				LastUpgradeCheck = 0630;
				ORGANIZATIONNAME = "*instinctools";
				TargetAttributes = {
					56D7F2C41B5C0F52005707AD = {
						CreatedOnToolsVersion = 6.3.2;
					};
					56D7F2DD1B5C0F52005707AD = {
						CreatedOnToolsVersion = 6.3.2;
						TestTargetID = 56D7F2C41B5C0F52005707AD;
					};
				};
			};
			buildConfigurationList = 56D7F2C01B5C0F52005707AD /* Build configuration list for PBXProject "MovieViewer" */;
			compatibilityVersion = "Xcode 3.2";
			developmentRegion = English;
			hasScannedForEncodings = 0;
			knownRegions = (
				en,
				Base,
			);
			mainGroup = 56D7F2BC1B5C0F52005707AD;
			productRefGroup = 56D7F2C61B5C0F52005707AD /* Products */;
			projectDirPath = "";
			projectRoot = "";
			targets = (
				56D7F2C41B5C0F52005707AD /* MovieViewer */,
				56D7F2DD1B5C0F52005707AD /* MovieViewerTests */,
			);
		};
/* End PBXProject section */

/* Begin PBXResourcesBuildPhase section */
		56D7F2C31B5C0F52005707AD /* Resources */ = {
			isa = PBXResourcesBuildPhase;
			buildActionMask = 2147483647;
			files = (
				5684E3991B5E42470004DD14 /* TATableViewController.xib in Resources */,
				56D7F2D91B5C0F52005707AD /* LaunchScreen.xib in Resources */,
				5684E38B1B5E272A0004DD14 /* TAMenuViewController.xib in Resources */,
				56D7F2D61B5C0F52005707AD /* Images.xcassets in Resources */,
				5684E3891B5E272A0004DD14 /* TACentralViewController.xib in Resources */,
				5684E3861B5E272A0004DD14 /* TALoginViewController.xib in Resources */,
			);
			runOnlyForDeploymentPostprocessing = 0;
		};
		56D7F2DC1B5C0F52005707AD /* Resources */ = {
			isa = PBXResourcesBuildPhase;
			buildActionMask = 2147483647;
			files = (
			);
			runOnlyForDeploymentPostprocessing = 0;
		};
/* End PBXResourcesBuildPhase section */

/* Begin PBXShellScriptBuildPhase section */
		47328855D6BEB4DB7C13D948 /* Copy Pods Resources */ = {
			isa = PBXShellScriptBuildPhase;
			buildActionMask = 2147483647;
			files = (
			);
			inputPaths = (
			);
			name = "Copy Pods Resources";
			outputPaths = (
			);
			runOnlyForDeploymentPostprocessing = 0;
			shellPath = /bin/sh;
			shellScript = "\"${SRCROOT}/Pods/Target Support Files/Pods/Pods-resources.sh\"\n";
			showEnvVarsInLog = 0;
		};
		9B4CB9798C1664ADCE39E9C4 /* Check Pods Manifest.lock */ = {
			isa = PBXShellScriptBuildPhase;
			buildActionMask = 2147483647;
			files = (
			);
			inputPaths = (
			);
			name = "Check Pods Manifest.lock";
			outputPaths = (
			);
			runOnlyForDeploymentPostprocessing = 0;
			shellPath = /bin/sh;
			shellScript = "diff \"${PODS_ROOT}/../Podfile.lock\" \"${PODS_ROOT}/Manifest.lock\" > /dev/null\nif [[ $? != 0 ]] ; then\n    cat << EOM\nerror: The sandbox is not in sync with the Podfile.lock. Run 'pod install' or update your CocoaPods installation.\nEOM\n    exit 1\nfi\n";
			showEnvVarsInLog = 0;
		};
/* End PBXShellScriptBuildPhase section */

/* Begin PBXSourcesBuildPhase section */
		56D7F2C11B5C0F52005707AD /* Sources */ = {
			isa = PBXSourcesBuildPhase;
			buildActionMask = 2147483647;
			files = (
				56E3646A1B60D39E00908459 /* TAConstants.m in Sources */,
				5684E37D1B5E272A0004DD14 /* TAViewController.m in Sources */,
				5684E3901B5E272A0004DD14 /* TAWatchedViewController.m in Sources */,
				568A106E1B62A41600AE97F5 /* TADiscoveryMovieViewModel.m in Sources */,
				5684E3921B5E272A0004DD14 /* TAWatchedViewModel.m in Sources */,
				568A10821B62CE3A00AE97F5 /* TAAddFavoriteAction.m in Sources */,
				5684E3731B5E272A0004DD14 /* TAIntegerObject.m in Sources */,
				568A108B1B62CE6400AE97F5 /* TARemoveWatchedAction.m in Sources */,
				568A10731B62AAD100AE97F5 /* TAMovieListItemCell.m in Sources */,
				568A10851B62CE4900AE97F5 /* TARemoveFavoriteAction.m in Sources */,
				568A10661B62874C00AE97F5 /* TACollectionPaginator.m in Sources */,
				5684E37C1B5E272A0004DD14 /* TAAppDelegate.m in Sources */,
				5684E3721B5E272A0004DD14 /* TAFloatObject.m in Sources */,
				56E364761B61293C00908459 /* TAWatchedMoviesFacade.m in Sources */,
				5684E36D1B5E272A0004DD14 /* TANewTokenResponseModel.m in Sources */,
				5684E3641B5E272A0004DD14 /* NSDateFormatter+TADateFormatters.m in Sources */,
				5684E38A1B5E272A0004DD14 /* TAMenuViewController.m in Sources */,
				5684E3781B5E272A0004DD14 /* TAServiceRoutes.m in Sources */,
				5684E3771B5E272A0004DD14 /* TAServiceProvider.m in Sources */,
				5684E3751B5E272A0004DD14 /* TAListResponseObject.m in Sources */,
				5684E38F1B5E272A0004DD14 /* TARootViewModel.m in Sources */,
				568A107A1B62B28A00AE97F5 /* TAMovieListItemActionObject.m in Sources */,
				5684E3851B5E272A0004DD14 /* TALoginViewController.m in Sources */,
				5684E3691B5E272A0004DD14 /* TAListChangedResponseModel.m in Sources */,
				5684E37E1B5E272A0004DD14 /* TAViewModel.m in Sources */,
				568A106B1B62A40000AE97F5 /* TAMovieCell.m in Sources */,
				5684E3701B5E272A0004DD14 /* TADiscoveryObject.m in Sources */,
				568A107F1B62CDCF00AE97F5 /* TAOfflineActionsManager.m in Sources */,
				5684E38C1B5E272A0004DD14 /* TAMenuViewModel.m in Sources */,
				5684E3791B5E272A0004DD14 /* TAApplicationAssembly.m in Sources */,
				5684E3741B5E272A0004DD14 /* TAListItemObject.m in Sources */,
				568A108E1B62D1FB00AE97F5 /* TAListItemAction.m in Sources */,
				5684E3651B5E272A0004DD14 /* UIViewController+ChildViews.m in Sources */,
				564788D01B624C1100CAC87D /* RLMObject+Mantle.m in Sources */,
				5684E37F1B5E272A0004DD14 /* TADiscoveryViewController.m in Sources */,
				5684E38D1B5E272A0004DD14 /* TAMainViewController.m in Sources */,
				5684E3881B5E272A0004DD14 /* TACentralViewController.m in Sources */,
				568A10881B62CE5800AE97F5 /* TAAddWatchedAction.m in Sources */,
				56E364701B61229200908459 /* NSError+EmbeddedError.m in Sources */,
				5684E38E1B5E272A0004DD14 /* TARootViewController.m in Sources */,
				56E3645E1B60CB8800908459 /* TAFacadeAbstract.m in Sources */,
				5684E3661B5E272A0004DD14 /* TARouter.m in Sources */,
				56E364731B61264900908459 /* TAFavoritesMoviesFacade.m in Sources */,
				5684E37B1B5E272A0004DD14 /* TAViewsAssembly.m in Sources */,
				5684E36E1B5E272A0004DD14 /* TAValidateResponseModel.m in Sources */,
				5684E36F1B5E272A0004DD14 /* TADiscoverItemObject.m in Sources */,
				5684E36C1B5E272A0004DD14 /* TANewSessionResponseModel.m in Sources */,
				56E3646D1B611E9400908459 /* TADiscoveryFacade.m in Sources */,
				5684E3841B5E272A0004DD14 /* TAFavoritesViewModel.m in Sources */,
				5684E3871B5E272A0004DD14 /* TALoginViewModel.m in Sources */,
				568A10761B62AAEB00AE97F5 /* TAMovieListItemViewModel.m in Sources */,
				56E364671B60D39200908459 /* TAErrors.m in Sources */,
				56E364641B60CCEF00908459 /* TAServicesAssembly.m in Sources */,
				5684E3981B5E42470004DD14 /* TATableViewController.m in Sources */,
				5684E3821B5E272A0004DD14 /* TAFavoritesViewController.m in Sources */,
				56E364611B60CBFF00908459 /* TAFacadesAssembly.m in Sources */,
				5684E3811B5E272A0004DD14 /* TADiscoveryViewModel.m in Sources */,
				5684E3941B5E274B0004DD14 /* main.m in Sources */,
				5684E37A1B5E272A0004DD14 /* TAViewModelsAssembly.m in Sources */,
				564788D31B62726800CAC87D /* TAUserProfile.m in Sources */,
				F87B40BC0B68E6AA8FA383BC /* TAUserAuthInfo.m in Sources */,
				56E3645B1B60CB7900908459 /* TALoginFacade.m in Sources */,
				F87B464CF2280C5A831D1B3E /* TADiscoverRequestParametersModel.m in Sources */,
				F87B4349E758E49A3B00EC90 /* TAFavoriteListRequestParametersModel.m in Sources */,
				F87B41263BCD66B2D9029C6B /* TAWatchlistRequestParametersModel.m in Sources */,
				F87B401B19568AAC5584FCE2 /* TAAddWatchlistRequestModel.m in Sources */,
				F87B45DE1291A6CD296FA321 /* TAAddFavoriteRequestModel.m in Sources */,
				F87B49922B29657BCCFB7936 /* TAUserTMDBSessionObject.m in Sources */,
				F87B413A8D7C83E8C9B723FA /* TADispatchManagement.m in Sources */,
			);
			runOnlyForDeploymentPostprocessing = 0;
		};
		56D7F2DA1B5C0F52005707AD /* Sources */ = {
			isa = PBXSourcesBuildPhase;
			buildActionMask = 2147483647;
			files = (
				56D7F2E51B5C0F52005707AD /* MovieViewerTests.m in Sources */,
			);
			runOnlyForDeploymentPostprocessing = 0;
		};
/* End PBXSourcesBuildPhase section */

/* Begin PBXTargetDependency section */
		56D7F2E01B5C0F52005707AD /* PBXTargetDependency */ = {
			isa = PBXTargetDependency;
			target = 56D7F2C41B5C0F52005707AD /* MovieViewer */;
			targetProxy = 56D7F2DF1B5C0F52005707AD /* PBXContainerItemProxy */;
		};
/* End PBXTargetDependency section */

/* Begin PBXVariantGroup section */
		56D7F2D71B5C0F52005707AD /* LaunchScreen.xib */ = {
			isa = PBXVariantGroup;
			children = (
				56D7F2D81B5C0F52005707AD /* Base */,
			);
			name = LaunchScreen.xib;
			sourceTree = "<group>";
		};
/* End PBXVariantGroup section */

/* Begin XCBuildConfiguration section */
		56D7F2E61B5C0F52005707AD /* Debug */ = {
			isa = XCBuildConfiguration;
			buildSettings = {
				ALWAYS_SEARCH_USER_PATHS = NO;
				CLANG_CXX_LANGUAGE_STANDARD = "gnu++0x";
				CLANG_CXX_LIBRARY = "libc++";
				CLANG_ENABLE_MODULES = YES;
				CLANG_ENABLE_OBJC_ARC = YES;
				CLANG_WARN_BOOL_CONVERSION = YES;
				CLANG_WARN_CONSTANT_CONVERSION = YES;
				CLANG_WARN_DIRECT_OBJC_ISA_USAGE = YES_ERROR;
				CLANG_WARN_EMPTY_BODY = YES;
				CLANG_WARN_ENUM_CONVERSION = YES;
				CLANG_WARN_INT_CONVERSION = YES;
				CLANG_WARN_OBJC_ROOT_CLASS = YES_ERROR;
				CLANG_WARN_UNREACHABLE_CODE = YES;
				CLANG_WARN__DUPLICATE_METHOD_MATCH = YES;
				"CODE_SIGN_IDENTITY[sdk=iphoneos*]" = "iPhone Developer";
				COPY_PHASE_STRIP = NO;
				DEBUG_INFORMATION_FORMAT = "dwarf-with-dsym";
				ENABLE_STRICT_OBJC_MSGSEND = YES;
				GCC_C_LANGUAGE_STANDARD = gnu99;
				GCC_DYNAMIC_NO_PIC = NO;
				GCC_NO_COMMON_BLOCKS = YES;
				GCC_OPTIMIZATION_LEVEL = 0;
				GCC_PREPROCESSOR_DEFINITIONS = (
					"DEBUG=1",
					"$(inherited)",
					NS_BLOCK_ASSERTIONS,
				);
				GCC_SYMBOLS_PRIVATE_EXTERN = NO;
				GCC_WARN_64_TO_32_BIT_CONVERSION = YES;
				GCC_WARN_ABOUT_RETURN_TYPE = YES_ERROR;
				GCC_WARN_UNDECLARED_SELECTOR = YES;
				GCC_WARN_UNINITIALIZED_AUTOS = YES_AGGRESSIVE;
				GCC_WARN_UNUSED_FUNCTION = YES;
				GCC_WARN_UNUSED_VARIABLE = YES;
				IPHONEOS_DEPLOYMENT_TARGET = 8.3;
				MTL_ENABLE_DEBUG_INFO = YES;
				ONLY_ACTIVE_ARCH = YES;
				SDKROOT = iphoneos;
			};
			name = Debug;
		};
		56D7F2E71B5C0F52005707AD /* Release */ = {
			isa = XCBuildConfiguration;
			buildSettings = {
				ALWAYS_SEARCH_USER_PATHS = NO;
				CLANG_CXX_LANGUAGE_STANDARD = "gnu++0x";
				CLANG_CXX_LIBRARY = "libc++";
				CLANG_ENABLE_MODULES = YES;
				CLANG_ENABLE_OBJC_ARC = YES;
				CLANG_WARN_BOOL_CONVERSION = YES;
				CLANG_WARN_CONSTANT_CONVERSION = YES;
				CLANG_WARN_DIRECT_OBJC_ISA_USAGE = YES_ERROR;
				CLANG_WARN_EMPTY_BODY = YES;
				CLANG_WARN_ENUM_CONVERSION = YES;
				CLANG_WARN_INT_CONVERSION = YES;
				CLANG_WARN_OBJC_ROOT_CLASS = YES_ERROR;
				CLANG_WARN_UNREACHABLE_CODE = YES;
				CLANG_WARN__DUPLICATE_METHOD_MATCH = YES;
				"CODE_SIGN_IDENTITY[sdk=iphoneos*]" = "iPhone Developer";
				COPY_PHASE_STRIP = NO;
				DEBUG_INFORMATION_FORMAT = "dwarf-with-dsym";
				ENABLE_NS_ASSERTIONS = NO;
				ENABLE_STRICT_OBJC_MSGSEND = YES;
				GCC_C_LANGUAGE_STANDARD = gnu99;
				GCC_NO_COMMON_BLOCKS = YES;
				GCC_WARN_64_TO_32_BIT_CONVERSION = YES;
				GCC_WARN_ABOUT_RETURN_TYPE = YES_ERROR;
				GCC_WARN_UNDECLARED_SELECTOR = YES;
				GCC_WARN_UNINITIALIZED_AUTOS = YES_AGGRESSIVE;
				GCC_WARN_UNUSED_FUNCTION = YES;
				GCC_WARN_UNUSED_VARIABLE = YES;
				IPHONEOS_DEPLOYMENT_TARGET = 8.3;
				MTL_ENABLE_DEBUG_INFO = NO;
				SDKROOT = iphoneos;
				VALIDATE_PRODUCT = YES;
			};
			name = Release;
		};
		56D7F2E91B5C0F52005707AD /* Debug */ = {
			isa = XCBuildConfiguration;
			baseConfigurationReference = D0ADB411BD28461562FFA885 /* Pods.debug.xcconfig */;
			buildSettings = {
				ASSETCATALOG_COMPILER_APPICON_NAME = AppIcon;
				GCC_PRECOMPILE_PREFIX_HEADER = YES;
				GCC_PREFIX_HEADER = "$(SRCROOT)/MovieViewer/PrefixHeader.pch";
				INFOPLIST_FILE = MovieViewer/Info.plist;
				INFOPLIST_PREFIX_HEADER = "";
				LD_RUNPATH_SEARCH_PATHS = "$(inherited) @executable_path/Frameworks";
				PRODUCT_NAME = "$(TARGET_NAME)";
				USER_HEADER_SEARCH_PATHS = "\"${PROJECT_DIR}/Pods\"/**";
			};
			name = Debug;
		};
		56D7F2EA1B5C0F52005707AD /* Release */ = {
			isa = XCBuildConfiguration;
			baseConfigurationReference = 442A0F1FB7677EFE7F7505F2 /* Pods.release.xcconfig */;
			buildSettings = {
				ASSETCATALOG_COMPILER_APPICON_NAME = AppIcon;
				GCC_PRECOMPILE_PREFIX_HEADER = YES;
				GCC_PREFIX_HEADER = "$(SRCROOT)/MovieViewer/PrefixHeader.pch";
				INFOPLIST_FILE = MovieViewer/Info.plist;
				INFOPLIST_PREFIX_HEADER = "";
				LD_RUNPATH_SEARCH_PATHS = "$(inherited) @executable_path/Frameworks";
				PRODUCT_NAME = "$(TARGET_NAME)";
				USER_HEADER_SEARCH_PATHS = "\"${PROJECT_DIR}/Pods\"/**";
			};
			name = Release;
		};
		56D7F2EC1B5C0F52005707AD /* Debug */ = {
			isa = XCBuildConfiguration;
			buildSettings = {
				BUNDLE_LOADER = "$(TEST_HOST)";
				FRAMEWORK_SEARCH_PATHS = (
					"$(SDKROOT)/Developer/Library/Frameworks",
					"$(inherited)",
				);
				GCC_PREPROCESSOR_DEFINITIONS = (
					"DEBUG=1",
					"$(inherited)",
				);
				INFOPLIST_FILE = MovieViewerTests/Info.plist;
				LD_RUNPATH_SEARCH_PATHS = "$(inherited) @executable_path/Frameworks @loader_path/Frameworks";
				PRODUCT_NAME = "$(TARGET_NAME)";
				TEST_HOST = "$(BUILT_PRODUCTS_DIR)/MovieViewer.app/MovieViewer";
			};
			name = Debug;
		};
		56D7F2ED1B5C0F52005707AD /* Release */ = {
			isa = XCBuildConfiguration;
			buildSettings = {
				BUNDLE_LOADER = "$(TEST_HOST)";
				FRAMEWORK_SEARCH_PATHS = (
					"$(SDKROOT)/Developer/Library/Frameworks",
					"$(inherited)",
				);
				INFOPLIST_FILE = MovieViewerTests/Info.plist;
				LD_RUNPATH_SEARCH_PATHS = "$(inherited) @executable_path/Frameworks @loader_path/Frameworks";
				PRODUCT_NAME = "$(TARGET_NAME)";
				TEST_HOST = "$(BUILT_PRODUCTS_DIR)/MovieViewer.app/MovieViewer";
			};
			name = Release;
		};
/* End XCBuildConfiguration section */

/* Begin XCConfigurationList section */
		56D7F2C01B5C0F52005707AD /* Build configuration list for PBXProject "MovieViewer" */ = {
			isa = XCConfigurationList;
			buildConfigurations = (
				56D7F2E61B5C0F52005707AD /* Debug */,
				56D7F2E71B5C0F52005707AD /* Release */,
			);
			defaultConfigurationIsVisible = 0;
			defaultConfigurationName = Release;
		};
		56D7F2E81B5C0F52005707AD /* Build configuration list for PBXNativeTarget "MovieViewer" */ = {
			isa = XCConfigurationList;
			buildConfigurations = (
				56D7F2E91B5C0F52005707AD /* Debug */,
				56D7F2EA1B5C0F52005707AD /* Release */,
			);
			defaultConfigurationIsVisible = 0;
			defaultConfigurationName = Release;
		};
		56D7F2EB1B5C0F52005707AD /* Build configuration list for PBXNativeTarget "MovieViewerTests" */ = {
			isa = XCConfigurationList;
			buildConfigurations = (
				56D7F2EC1B5C0F52005707AD /* Debug */,
				56D7F2ED1B5C0F52005707AD /* Release */,
			);
			defaultConfigurationIsVisible = 0;
			defaultConfigurationName = Release;
		};
/* End XCConfigurationList section */
	};
	rootObject = 56D7F2BD1B5C0F52005707AD /* Project object */;
}
